
Microsoft Visual Studio Solution File, Format Version 12.00
# Visual Studio Version 17
VisualStudioVersion = 17.0.31903.59
MinimumVisualStudioVersion = 10.0.40219.1
Project("{2150E333-8FDC-42A3-9474-1A3956D46DE8}") = "src", "src", "{827E0CD3-B72D-47B6-A68D-7590B98EB39B}"
EndProject
Project("{2150E333-8FDC-42A3-9474-1A3956D46DE8}") = "BuildingBlocks", "BuildingBlocks", "{90298CBA-BD6F-3A0A-69D5-97CAD7B05E7E}"
EndProject
Project("{FAE04EC0-301F-11D3-BF4B-00C04F79EFBC}") = "PayFlowHub.Contracts", "src\BuildingBlocks\PayFlowHub.Contracts\PayFlowHub.Contracts.csproj", "{5AF4E553-FEB4-4E19-85B5-80DC75BF8AE9}"
EndProject
Project("{2150E333-8FDC-42A3-9474-1A3956D46DE8}") = "ApiGateway", "ApiGateway", "{FCA01246-F2C6-0AA7-D43F-FD13BE0B9D88}"
EndProject
Project("{FAE04EC0-301F-11D3-BF4B-00C04F79EFBC}") = "PayFlowHub.ApiGateway", "src\ApiGateway\PayFlowHub.ApiGateway\PayFlowHub.ApiGateway.csproj", "{D265160A-07CD-4543-B3AF-AEF25FAAC208}"
EndProject
Project("{2150E333-8FDC-42A3-9474-1A3956D46DE8}") = "Services", "Services", "{984BB9B3-3FA3-BE33-9484-CAC21695A33C}"
EndProject
Project("{2150E333-8FDC-42A3-9474-1A3956D46DE8}") = "PaymentOrchestrator", "PaymentOrchestrator", "{28917977-0677-815A-DCEB-97571411A9E1}"
EndProject
Project("{FAE04EC0-301F-11D3-BF4B-00C04F79EFBC}") = "PayFlowHub.PaymentOrchestrator.Api", "src\Services\PaymentOrchestrator\PayFlowHub.PaymentOrchestrator.Api\PayFlowHub.PaymentOrchestrator.Api.csproj", "{F4F369A1-9548-43C9-AB3B-27B7B7B995C2}"
EndProject
Project("{2150E333-8FDC-42A3-9474-1A3956D46DE8}") = "RoutingEngine", "RoutingEngine", "{24BB8153-D1F9-74ED-A310-8566AE937D36}"
EndProject
Project("{FAE04EC0-301F-11D3-BF4B-00C04F79EFBC}") = "PayFlowHub.RoutingEngine.Api", "src\Services\RoutingEngine\PayFlowHub.RoutingEngine.Api\PayFlowHub.RoutingEngine.Api.csproj", "{B7CF48B6-7E14-4EED-86AA-5397E28D662D}"
EndProject
Project("{2150E333-8FDC-42A3-9474-1A3956D46DE8}") = "ProviderGateway", "ProviderGateway", "{77F24E92-ABAE-9F06-8F6B-A8E20D8670E5}"
EndProject
Project("{FAE04EC0-301F-11D3-BF4B-00C04F79EFBC}") = "PayFlowHub.ProviderGateway.Api", "src\Services\ProviderGateway\PayFlowHub.ProviderGateway.Api\PayFlowHub.ProviderGateway.Api.csproj", "{EDBBCA47-2337-4BD6-B85C-5D1CC2EC83CB}"
EndProject
Global
	GlobalSection(SolutionConfigurationPlatforms) = preSolution
		Debug|Any CPU = Debug|Any CPU
		Debug|x64 = Debug|x64
		Debug|x86 = Debug|x86
		Release|Any CPU = Release|Any CPU
		Release|x64 = Release|x64
		Release|x86 = Release|x86
	EndGlobalSection
	GlobalSection(ProjectConfigurationPlatforms) = postSolution
		{5AF4E553-FEB4-4E19-85B5-80DC75BF8AE9}.Debug|Any CPU.ActiveCfg = Debug|Any CPU
		{5AF4E553-FEB4-4E19-85B5-80DC75BF8AE9}.Debug|Any CPU.Build.0 = Debug|Any CPU
		{5AF4E553-FEB4-4E19-85B5-80DC75BF8AE9}.Debug|x64.ActiveCfg = Debug|Any CPU
		{5AF4E553-FEB4-4E19-85B5-80DC75BF8AE9}.Debug|x64.Build.0 = Debug|Any CPU
		{5AF4E553-FEB4-4E19-85B5-80DC75BF8AE9}.Debug|x86.ActiveCfg = Debug|Any CPU
		{5AF4E553-FEB4-4E19-85B5-80DC75BF8AE9}.Debug|x86.Build.0 = Debug|Any CPU
		{5AF4E553-FEB4-4E19-85B5-80DC75BF8AE9}.Release|Any CPU.ActiveCfg = Release|Any CPU
		{5AF4E553-FEB4-4E19-85B5-80DC75BF8AE9}.Release|Any CPU.Build.0 = Release|Any CPU
		{5AF4E553-FEB4-4E19-85B5-80DC75BF8AE9}.Release|x64.ActiveCfg = Release|Any CPU
		{5AF4E553-FEB4-4E19-85B5-80DC75BF8AE9}.Release|x64.Build.0 = Release|Any CPU
		{5AF4E553-FEB4-4E19-85B5-80DC75BF8AE9}.Release|x86.ActiveCfg = Release|Any CPU
		{5AF4E553-FEB4-4E19-85B5-80DC75BF8AE9}.Release|x86.Build.0 = Release|Any CPU
		{D265160A-07CD-4543-B3AF-AEF25FAAC208}.Debug|Any CPU.ActiveCfg = Debug|Any CPU
		{D265160A-07CD-4543-B3AF-AEF25FAAC208}.Debug|Any CPU.Build.0 = Debug|Any CPU
		{D265160A-07CD-4543-B3AF-AEF25FAAC208}.Debug|x64.ActiveCfg = Debug|Any CPU
		{D265160A-07CD-4543-B3AF-AEF25FAAC208}.Debug|x64.Build.0 = Debug|Any CPU
		{D265160A-07CD-4543-B3AF-AEF25FAAC208}.Debug|x86.ActiveCfg = Debug|Any CPU
		{D265160A-07CD-4543-B3AF-AEF25FAAC208}.Debug|x86.Build.0 = Debug|Any CPU
		{D265160A-07CD-4543-B3AF-AEF25FAAC208}.Release|Any CPU.ActiveCfg = Release|Any CPU
		{D265160A-07CD-4543-B3AF-AEF25FAAC208}.Release|Any CPU.Build.0 = Release|Any CPU
		{D265160A-07CD-4543-B3AF-AEF25FAAC208}.Release|x64.ActiveCfg = Release|Any CPU
		{D265160A-07CD-4543-B3AF-AEF25FAAC208}.Release|x64.Build.0 = Release|Any CPU
		{D265160A-07CD-4543-B3AF-AEF25FAAC208}.Release|x86.ActiveCfg = Release|Any CPU
		{D265160A-07CD-4543-B3AF-AEF25FAAC208}.Release|x86.Build.0 = Release|Any CPU
		{F4F369A1-9548-43C9-AB3B-27B7B7B995C2}.Debug|Any CPU.ActiveCfg = Debug|Any CPU
		{F4F369A1-9548-43C9-AB3B-27B7B7B995C2}.Debug|Any CPU.Build.0 = Debug|Any CPU
		{F4F369A1-9548-43C9-AB3B-27B7B7B995C2}.Debug|x64.ActiveCfg = Debug|Any CPU
		{F4F369A1-9548-43C9-AB3B-27B7B7B995C2}.Debug|x64.Build.0 = Debug|Any CPU
		{F4F369A1-9548-43C9-AB3B-27B7B7B995C2}.Debug|x86.ActiveCfg = Debug|Any CPU
		{F4F369A1-9548-43C9-AB3B-27B7B7B995C2}.Debug|x86.Build.0 = Debug|Any CPU
		{F4F369A1-9548-43C9-AB3B-27B7B7B995C2}.Release|Any CPU.ActiveCfg = Release|Any CPU
		{F4F369A1-9548-43C9-AB3B-27B7B7B995C2}.Release|Any CPU.Build.0 = Release|Any CPU
		{F4F369A1-9548-43C9-AB3B-27B7B7B995C2}.Release|x64.ActiveCfg = Release|Any CPU
		{F4F369A1-9548-43C9-AB3B-27B7B7B995C2}.Release|x64.Build.0 = Release|Any CPU
		{F4F369A1-9548-43C9-AB3B-27B7B7B995C2}.Release|x86.ActiveCfg = Release|Any CPU
		{F4F369A1-9548-43C9-AB3B-27B7B7B995C2}.Release|x86.Build.0 = Release|Any CPU
		{B7CF48B6-7E14-4EED-86AA-5397E28D662D}.Debug|Any CPU.ActiveCfg = Debug|Any CPU
		{B7CF48B6-7E14-4EED-86AA-5397E28D662D}.Debug|Any CPU.Build.0 = Debug|Any CPU
		{B7CF48B6-7E14-4EED-86AA-5397E28D662D}.Debug|x64.ActiveCfg = Debug|Any CPU
		{B7CF48B6-7E14-4EED-86AA-5397E28D662D}.Debug|x64.Build.0 = Debug|Any CPU
		{B7CF48B6-7E14-4EED-86AA-5397E28D662D}.Debug|x86.ActiveCfg = Debug|Any CPU
		{B7CF48B6-7E14-4EED-86AA-5397E28D662D}.Debug|x86.Build.0 = Debug|Any CPU
		{B7CF48B6-7E14-4EED-86AA-5397E28D662D}.Release|Any CPU.ActiveCfg = Release|Any CPU
		{B7CF48B6-7E14-4EED-86AA-5397E28D662D}.Release|Any CPU.Build.0 = Release|Any CPU
		{B7CF48B6-7E14-4EED-86AA-5397E28D662D}.Release|x64.ActiveCfg = Release|Any CPU
		{B7CF48B6-7E14-4EED-86AA-5397E28D662D}.Release|x64.Build.0 = Release|Any CPU
		{B7CF48B6-7E14-4EED-86AA-5397E28D662D}.Release|x86.ActiveCfg = Release|Any CPU
		{B7CF48B6-7E14-4EED-86AA-5397E28D662D}.Release|x86.Build.0 = Release|Any CPU
		{EDBBCA47-2337-4BD6-B85C-5D1CC2EC83CB}.Debug|Any CPU.ActiveCfg = Debug|Any CPU
		{EDBBCA47-2337-4BD6-B85C-5D1CC2EC83CB}.Debug|Any CPU.Build.0 = Debug|Any CPU
		{EDBBCA47-2337-4BD6-B85C-5D1CC2EC83CB}.Debug|x64.ActiveCfg = Debug|Any CPU
		{EDBBCA47-2337-4BD6-B85C-5D1CC2EC83CB}.Debug|x64.Build.0 = Debug|Any CPU
		{EDBBCA47-2337-4BD6-B85C-5D1CC2EC83CB}.Debug|x86.ActiveCfg = Debug|Any CPU
		{EDBBCA47-2337-4BD6-B85C-5D1CC2EC83CB}.Debug|x86.Build.0 = Debug|Any CPU
		{EDBBCA47-2337-4BD6-B85C-5D1CC2EC83CB}.Release|Any CPU.ActiveCfg = Release|Any CPU
		{EDBBCA47-2337-4BD6-B85C-5D1CC2EC83CB}.Release|Any CPU.Build.0 = Release|Any CPU
		{EDBBCA47-2337-4BD6-B85C-5D1CC2EC83CB}.Release|x64.ActiveCfg = Release|Any CPU
		{EDBBCA47-2337-4BD6-B85C-5D1CC2EC83CB}.Release|x64.Build.0 = Release|Any CPU
		{EDBBCA47-2337-4BD6-B85C-5D1CC2EC83CB}.Release|x86.ActiveCfg = Release|Any CPU
		{EDBBCA47-2337-4BD6-B85C-5D1CC2EC83CB}.Release|x86.Build.0 = Release|Any CPU
	EndGlobalSection
	GlobalSection(SolutionProperties) = preSolution
		HideSolutionNode = FALSE
	EndGlobalSection
	GlobalSection(NestedProjects) = preSolution
		{90298CBA-BD6F-3A0A-69D5-97CAD7B05E7E} = {827E0CD3-B72D-47B6-A68D-7590B98EB39B}
		{5AF4E553-FEB4-4E19-85B5-80DC75BF8AE9} = {90298CBA-BD6F-3A0A-69D5-97CAD7B05E7E}
		{FCA01246-F2C6-0AA7-D43F-FD13BE0B9D88} = {827E0CD3-B72D-47B6-A68D-7590B98EB39B}
		{D265160A-07CD-4543-B3AF-AEF25FAAC208} = {FCA01246-F2C6-0AA7-D43F-FD13BE0B9D88}
		{984BB9B3-3FA3-BE33-9484-CAC21695A33C} = {827E0CD3-B72D-47B6-A68D-7590B98EB39B}
		{28917977-0677-815A-DCEB-97571411A9E1} = {984BB9B3-3FA3-BE33-9484-CAC21695A33C}
		{F4F369A1-9548-43C9-AB3B-27B7B7B995C2} = {28917977-0677-815A-DCEB-97571411A9E1}
		{24BB8153-D1F9-74ED-A310-8566AE937D36} = {984BB9B3-3FA3-BE33-9484-CAC21695A33C}
		{B7CF48B6-7E14-4EED-86AA-5397E28D662D} = {24BB8153-D1F9-74ED-A310-8566AE937D36}
		{77F24E92-ABAE-9F06-8F6B-A8E20D8670E5} = {984BB9B3-3FA3-BE33-9484-CAC21695A33C}
		{EDBBCA47-2337-4BD6-B85C-5D1CC2EC83CB} = {77F24E92-ABAE-9F06-8F6B-A8E20D8670E5}
	EndGlobalSection
EndGlobal
