
Microsoft Visual Studio Solution File, Format Version 12.00
# Visual Studio Version 17
VisualStudioVersion = 17.0.31903.59
MinimumVisualStudioVersion = 10.0.40219.1
Project("{2150E333-8FDC-42A3-9474-1A3956D46DE8}") = "src", "src", "{827E0CD3-B72D-47B6-A68D-7590B98EB39B}"
EndProject
Project("{2150E333-8FDC-42A3-9474-1A3956D46DE8}") = "BuildingBlocks", "BuildingBlocks", "{90298CBA-BD6F-3A0A-69D5-97CAD7B05E7E}"
EndProject
Project("{FAE04EC0-301F-11D3-BF4B-00C04F79EFBC}") = "PayFlowHub.BuildingBlocks", "src\BuildingBlocks\PayFlowHub.BuildingBlocks\PayFlowHub.BuildingBlocks.csproj", "{DA826DD0-B45B-4B86-A51C-9DE6B672DF2C}"
EndProject
Project("{2150E333-8FDC-42A3-9474-1A3956D46DE8}") = "Contracts", "Contracts", "{FFBE31B8-50B9-B415-22BC-2F92C97CADA3}"
EndProject
Project("{FAE04EC0-301F-11D3-BF4B-00C04F79EFBC}") = "PayFlowHub.Contracts", "src\Contracts\PayFlowHub.Contracts\PayFlowHub.Contracts.csproj", "{3BB06632-738D-4C35-BD5C-E5124EEB6008}"
EndProject
Project("{2150E333-8FDC-42A3-9474-1A3956D46DE8}") = "Modules", "Modules", "{EC447DCF-ABFA-6E24-52A5-D7FD48A5C558}"
EndProject
Project("{2150E333-8FDC-42A3-9474-1A3956D46DE8}") = "Payments", "Payments", "{3482A603-7AEB-377F-9DA5-9757A465DBE8}"
EndProject
Project("{FAE04EC0-301F-11D3-BF4B-00C04F79EFBC}") = "PayFlowHub.Modules.Payments.Domain", "src\Modules\Payments\PayFlowHub.Modules.Payments.Domain\PayFlowHub.Modules.Payments.Domain.csproj", "{707B5E1B-3C68-4D51-AE6A-A11B10F5EA37}"
EndProject
Project("{2150E333-8FDC-42A3-9474-1A3956D46DE8}") = "Api", "Api", "{81034408-37C8-1011-444E-4C15C2FADA8E}"
EndProject
Project("{FAE04EC0-301F-11D3-BF4B-00C04F79EFBC}") = "PayFlowHub.Api", "src\Api\PayFlowHub.Api\PayFlowHub.Api.csproj", "{FEBDD145-F76A-45D4-9ECA-CBD03CC62118}"
EndProject
Project("{2150E333-8FDC-42A3-9474-1A3956D46DE8}") = "tests", "tests", "{0AB3BF05-4346-4AA6-1389-037BE0695223}"
EndProject
Project("{FAE04EC0-301F-11D3-BF4B-00C04F79EFBC}") = "PayFlowHub.StructureChecks", "tests\PayFlowHub.StructureChecks\PayFlowHub.StructureChecks.csproj", "{F969B333-8E04-4D04-ADA8-D99FC6132087}"
EndProject
Global
	GlobalSection(SolutionConfigurationPlatforms) = preSolution
		Debug|Any CPU = Debug|Any CPU
		Debug|x64 = Debug|x64
		Debug|x86 = Debug|x86
		Release|Any CPU = Release|Any CPU
		Release|x64 = Release|x64
		Release|x86 = Release|x86
	EndGlobalSection
	GlobalSection(ProjectConfigurationPlatforms) = postSolution
		{DA826DD0-B45B-4B86-A51C-9DE6B672DF2C}.Debug|Any CPU.ActiveCfg = Debug|Any CPU
		{DA826DD0-B45B-4B86-A51C-9DE6B672DF2C}.Debug|Any CPU.Build.0 = Debug|Any CPU
		{DA826DD0-B45B-4B86-A51C-9DE6B672DF2C}.Debug|x64.ActiveCfg = Debug|Any CPU
		{DA826DD0-B45B-4B86-A51C-9DE6B672DF2C}.Debug|x64.Build.0 = Debug|Any CPU
		{DA826DD0-B45B-4B86-A51C-9DE6B672DF2C}.Debug|x86.ActiveCfg = Debug|Any CPU
		{DA826DD0-B45B-4B86-A51C-9DE6B672DF2C}.Debug|x86.Build.0 = Debug|Any CPU
		{DA826DD0-B45B-4B86-A51C-9DE6B672DF2C}.Release|Any CPU.ActiveCfg = Release|Any CPU
		{DA826DD0-B45B-4B86-A51C-9DE6B672DF2C}.Release|Any CPU.Build.0 = Release|Any CPU
		{DA826DD0-B45B-4B86-A51C-9DE6B672DF2C}.Release|x64.ActiveCfg = Release|Any CPU
		{DA826DD0-B45B-4B86-A51C-9DE6B672DF2C}.Release|x64.Build.0 = Release|Any CPU
		{DA826DD0-B45B-4B86-A51C-9DE6B672DF2C}.Release|x86.ActiveCfg = Release|Any CPU
		{DA826DD0-B45B-4B86-A51C-9DE6B672DF2C}.Release|x86.Build.0 = Release|Any CPU
		{3BB06632-738D-4C35-BD5C-E5124EEB6008}.Debug|Any CPU.ActiveCfg = Debug|Any CPU
		{3BB06632-738D-4C35-BD5C-E5124EEB6008}.Debug|Any CPU.Build.0 = Debug|Any CPU
		{3BB06632-738D-4C35-BD5C-E5124EEB6008}.Debug|x64.ActiveCfg = Debug|Any CPU
		{3BB06632-738D-4C35-BD5C-E5124EEB6008}.Debug|x64.Build.0 = Debug|Any CPU
		{3BB06632-738D-4C35-BD5C-E5124EEB6008}.Debug|x86.ActiveCfg = Debug|Any CPU
		{3BB06632-738D-4C35-BD5C-E5124EEB6008}.Debug|x86.Build.0 = Debug|Any CPU
		{3BB06632-738D-4C35-BD5C-E5124EEB6008}.Release|Any CPU.ActiveCfg = Release|Any CPU
		{3BB06632-738D-4C35-BD5C-E5124EEB6008}.Release|Any CPU.Build.0 = Release|Any CPU
		{3BB06632-738D-4C35-BD5C-E5124EEB6008}.Release|x64.ActiveCfg = Release|Any CPU
		{3BB06632-738D-4C35-BD5C-E5124EEB6008}.Release|x64.Build.0 = Release|Any CPU
		{3BB06632-738D-4C35-BD5C-E5124EEB6008}.Release|x86.ActiveCfg = Release|Any CPU
		{3BB06632-738D-4C35-BD5C-E5124EEB6008}.Release|x86.Build.0 = Release|Any CPU
		{707B5E1B-3C68-4D51-AE6A-A11B10F5EA37}.Debug|Any CPU.ActiveCfg = Debug|Any CPU
		{707B5E1B-3C68-4D51-AE6A-A11B10F5EA37}.Debug|Any CPU.Build.0 = Debug|Any CPU
		{707B5E1B-3C68-4D51-AE6A-A11B10F5EA37}.Debug|x64.ActiveCfg = Debug|Any CPU
		{707B5E1B-3C68-4D51-AE6A-A11B10F5EA37}.Debug|x64.Build.0 = Debug|Any CPU
		{707B5E1B-3C68-4D51-AE6A-A11B10F5EA37}.Debug|x86.ActiveCfg = Debug|Any CPU
		{707B5E1B-3C68-4D51-AE6A-A11B10F5EA37}.Debug|x86.Build.0 = Debug|Any CPU
		{707B5E1B-3C68-4D51-AE6A-A11B10F5EA37}.Release|Any CPU.ActiveCfg = Release|Any CPU
		{707B5E1B-3C68-4D51-AE6A-A11B10F5EA37}.Release|Any CPU.Build.0 = Release|Any CPU
		{707B5E1B-3C68-4D51-AE6A-A11B10F5EA37}.Release|x64.ActiveCfg = Release|Any CPU
		{707B5E1B-3C68-4D51-AE6A-A11B10F5EA37}.Release|x64.Build.0 = Release|Any CPU
		{707B5E1B-3C68-4D51-AE6A-A11B10F5EA37}.Release|x86.ActiveCfg = Release|Any CPU
		{707B5E1B-3C68-4D51-AE6A-A11B10F5EA37}.Release|x86.Build.0 = Release|Any CPU
		{FEBDD145-F76A-45D4-9ECA-CBD03CC62118}.Debug|Any CPU.ActiveCfg = Debug|Any CPU
		{FEBDD145-F76A-45D4-9ECA-CBD03CC62118}.Debug|Any CPU.Build.0 = Debug|Any CPU
		{FEBDD145-F76A-45D4-9ECA-CBD03CC62118}.Debug|x64.ActiveCfg = Debug|Any CPU
		{FEBDD145-F76A-45D4-9ECA-CBD03CC62118}.Debug|x64.Build.0 = Debug|Any CPU
		{FEBDD145-F76A-45D4-9ECA-CBD03CC62118}.Debug|x86.ActiveCfg = Debug|Any CPU
		{FEBDD145-F76A-45D4-9ECA-CBD03CC62118}.Debug|x86.Build.0 = Debug|Any CPU
		{FEBDD145-F76A-45D4-9ECA-CBD03CC62118}.Release|Any CPU.ActiveCfg = Release|Any CPU
		{FEBDD145-F76A-45D4-9ECA-CBD03CC62118}.Release|Any CPU.Build.0 = Release|Any CPU
		{FEBDD145-F76A-45D4-9ECA-CBD03CC62118}.Release|x64.ActiveCfg = Release|Any CPU
		{FEBDD145-F76A-45D4-9ECA-CBD03CC62118}.Release|x64.Build.0 = Release|Any CPU
		{FEBDD145-F76A-45D4-9ECA-CBD03CC62118}.Release|x86.ActiveCfg = Release|Any CPU
		{FEBDD145-F76A-45D4-9ECA-CBD03CC62118}.Release|x86.Build.0 = Release|Any CPU
		{F969B333-8E04-4D04-ADA8-D99FC6132087}.Debug|Any CPU.ActiveCfg = Debug|Any CPU
		{F969B333-8E04-4D04-ADA8-D99FC6132087}.Debug|Any CPU.Build.0 = Debug|Any CPU
		{F969B333-8E04-4D04-ADA8-D99FC6132087}.Debug|x64.ActiveCfg = Debug|Any CPU
		{F969B333-8E04-4D04-ADA8-D99FC6132087}.Debug|x64.Build.0 = Debug|Any CPU
		{F969B333-8E04-4D04-ADA8-D99FC6132087}.Debug|x86.ActiveCfg = Debug|Any CPU
		{F969B333-8E04-4D04-ADA8-D99FC6132087}.Debug|x86.Build.0 = Debug|Any CPU
		{F969B333-8E04-4D04-ADA8-D99FC6132087}.Release|Any CPU.ActiveCfg = Release|Any CPU
		{F969B333-8E04-4D04-ADA8-D99FC6132087}.Release|Any CPU.Build.0 = Release|Any CPU
		{F969B333-8E04-4D04-ADA8-D99FC6132087}.Release|x64.ActiveCfg = Release|Any CPU
		{F969B333-8E04-4D04-ADA8-D99FC6132087}.Release|x64.Build.0 = Release|Any CPU
		{F969B333-8E04-4D04-ADA8-D99FC6132087}.Release|x86.ActiveCfg = Release|Any CPU
		{F969B333-8E04-4D04-ADA8-D99FC6132087}.Release|x86.Build.0 = Release|Any CPU
	EndGlobalSection
	GlobalSection(SolutionProperties) = preSolution
		HideSolutionNode = FALSE
	EndGlobalSection
	GlobalSection(NestedProjects) = preSolution
		{90298CBA-BD6F-3A0A-69D5-97CAD7B05E7E} = {827E0CD3-B72D-47B6-A68D-7590B98EB39B}
		{DA826DD0-B45B-4B86-A51C-9DE6B672DF2C} = {90298CBA-BD6F-3A0A-69D5-97CAD7B05E7E}
		{FFBE31B8-50B9-B415-22BC-2F92C97CADA3} = {827E0CD3-B72D-47B6-A68D-7590B98EB39B}
		{3BB06632-738D-4C35-BD5C-E5124EEB6008} = {FFBE31B8-50B9-B415-22BC-2F92C97CADA3}
		{EC447DCF-ABFA-6E24-52A5-D7FD48A5C558} = {827E0CD3-B72D-47B6-A68D-7590B98EB39B}
		{3482A603-7AEB-377F-9DA5-9757A465DBE8} = {EC447DCF-ABFA-6E24-52A5-D7FD48A5C558}
		{707B5E1B-3C68-4D51-AE6A-A11B10F5EA37} = {3482A603-7AEB-377F-9DA5-9757A465DBE8}
		{81034408-37C8-1011-444E-4C15C2FADA8E} = {827E0CD3-B72D-47B6-A68D-7590B98EB39B}
		{FEBDD145-F76A-45D4-9ECA-CBD03CC62118} = {81034408-37C8-1011-444E-4C15C2FADA8E}
		{F969B333-8E04-4D04-ADA8-D99FC6132087} = {0AB3BF05-4346-4AA6-1389-037BE0695223}
	EndGlobalSection
EndGlobal
